
Microsoft Visual Studio Solution File, Format Version 12.00
# Visual Studio Version 16
VisualStudioVersion = 16.0.30717.126
MinimumVisualStudioVersion = 10.0.40219.1
Project("{9A19103F-16F7-4668-BE54-9A1E7A4F7556}") = "SkillFactory_Test2", "SkillFactory_Test2\SkillFactory_Test2.csproj", "{A42D1D0A-065C-4DFD-A5AE-876BC8050FFE}"
EndProject
Project("{9A19103F-16F7-4668-BE54-9A1E7A4F7556}") = "SkillFactory_Test3", "SkillFactory_Test3\SkillFactory_Test3.csproj", "{C80320E7-D632-4CB2-AAD3-10A9BF44D5E1}"
EndProject
Project("{FAE04EC0-301F-11D3-BF4B-00C04F79EFBC}") = "Задание 4.1.15", "Задание 4.1.15\Задание 4.1.15.csproj", "{4FB15663-623C-4324-B60E-F221F6925159}"
EndProject
Global
	GlobalSection(SolutionConfigurationPlatforms) = preSolution
		Debug|Any CPU = Debug|Any CPU
		Release|Any CPU = Release|Any CPU
	EndGlobalSection
	GlobalSection(ProjectConfigurationPlatforms) = postSolution
		{A42D1D0A-065C-4DFD-A5AE-876BC8050FFE}.Debug|Any CPU.ActiveCfg = Debug|Any CPU
		{A42D1D0A-065C-4DFD-A5AE-876BC8050FFE}.Debug|Any CPU.Build.0 = Debug|Any CPU
		{A42D1D0A-065C-4DFD-A5AE-876BC8050FFE}.Release|Any CPU.ActiveCfg = Release|Any CPU
		{A42D1D0A-065C-4DFD-A5AE-876BC8050FFE}.Release|Any CPU.Build.0 = Release|Any CPU
		{C80320E7-D632-4CB2-AAD3-10A9BF44D5E1}.Debug|Any CPU.ActiveCfg = Debug|Any CPU
		{C80320E7-D632-4CB2-AAD3-10A9BF44D5E1}.Debug|Any CPU.Build.0 = Debug|Any CPU
		{C80320E7-D632-4CB2-AAD3-10A9BF44D5E1}.Release|Any CPU.ActiveCfg = Release|Any CPU
		{C80320E7-D632-4CB2-AAD3-10A9BF44D5E1}.Release|Any CPU.Build.0 = Release|Any CPU
		{4FB15663-623C-4324-B60E-F221F6925159}.Debug|Any CPU.ActiveCfg = Debug|Any CPU
		{4FB15663-623C-4324-B60E-F221F6925159}.Debug|Any CPU.Build.0 = Debug|Any CPU
		{4FB15663-623C-4324-B60E-F221F6925159}.Release|Any CPU.ActiveCfg = Release|Any CPU
		{4FB15663-623C-4324-B60E-F221F6925159}.Release|Any CPU.Build.0 = Release|Any CPU
	EndGlobalSection
	GlobalSection(SolutionProperties) = preSolution
		HideSolutionNode = FALSE
	EndGlobalSection
	GlobalSection(ExtensibilityGlobals) = postSolution
		SolutionGuid = {5E09B9E7-5139-4B38-88A2-8F0020906BF3}
	EndGlobalSection
EndGlobal
